
Microsoft Visual Studio Solution File, Format Version 12.00
# Visual Studio Version 16
VisualStudioVersion = 16.0.31321.278
MinimumVisualStudioVersion = 10.0.40219.1
Project("{FAE04EC0-301F-11D3-BF4B-00C04F79EFBC}") = "ShoppingForm", "ShoppingForm\ShoppingForm.csproj", "{35C06106-9B10-4692-B37B-48ABCF8D3EAB}"
EndProject
Global
	GlobalSection(SolutionConfigurationPlatforms) = preSolution
		Debug|Any CPU = Debug|Any CPU
		Release|Any CPU = Release|Any CPU
	EndGlobalSection
	GlobalSection(ProjectConfigurationPlatforms) = postSolution
		{35C06106-9B10-4692-B37B-48ABCF8D3EAB}.Debug|Any CPU.ActiveCfg = Debug|Any CPU
		{35C06106-9B10-4692-B37B-48ABCF8D3EAB}.Debug|Any CPU.Build.0 = Debug|Any CPU
		{35C06106-9B10-4692-B37B-48ABCF8D3EAB}.Release|Any CPU.ActiveCfg = Release|Any CPU
		{35C06106-9B10-4692-B37B-48ABCF8D3EAB}.Release|Any CPU.Build.0 = Release|Any CPU
	EndGlobalSection
	GlobalSection(SolutionProperties) = preSolution
		HideSolutionNode = FALSE
	EndGlobalSection
	GlobalSection(ExtensibilityGlobals) = postSolution
		SolutionGuid = {D0C08B6E-4EC0-4AC9-9438-F19D01A1A207}
	EndGlobalSection
EndGlobal
